{
  "name": "app",
  "lockfileVersion": 2,
  "requires": true,
  "packages": {
    "": {
      "dependencies": {
        "sentence-tokenizer": "^1.0.1"
      }
    },
    "node_modules/debug": {
      "version": "4.1.0",
      "resolved": "https://registry.npmjs.org/debug/-/debug-4.1.0.tgz",
      "integrity": "sha512-heNPJUJIqC+xB6ayLAMHaIrmN9HKa7aQO8MGqKpvCA+uJYVcvR6l5kgdrhRuwPFHU7P5/A1w0BjByPHwpfTDKg==",
      "deprecated": "Debug versions >=3.2.0 <3.2.7 || >=4 <4.3.1 have a low-severity ReDos regression when used in a Node.js environment. It is recommended you upgrade to 3.2.7 or 4.3.1. (https://github.com/visionmedia/debug/issues/797)",
      "dependencies": {
        "ms": "^2.1.1"
      }
    },
    "node_modules/ms": {
      "version": "2.1.3",
      "resolved": "https://registry.npmjs.org/ms/-/ms-2.1.3.tgz",
      "integrity": "sha512-6FlzubTLZG3J2a/NVCAleEhjzq5oxgHyaCU9yYXvcLsvoVaHJq/s5xXI6/XXP6tz7R9xAOtHnSO/tXtF3WRTlA=="
    },
    "node_modules/sentence-tokenizer": {
      "version": "1.0.1",
      "resolved": "https://registry.npmjs.org/sentence-tokenizer/-/sentence-tokenizer-1.0.1.tgz",
      "integrity": "sha512-nmKF6fXmgZouD3AfWgYCmr35g7g7ObtbTlEFRVx2oj/ptrCOrosixrhXhWUdnPRdze7xhMf4IcliAa021BMXTA==",
      "dependencies": {
        "debug": "4.1.0"
      }
    }
  },
  "dependencies": {
    "debug": {
      "version": "4.1.0",
      "resolved": "https://registry.npmjs.org/debug/-/debug-4.1.0.tgz",
      "integrity": "sha512-heNPJUJIqC+xB6ayLAMHaIrmN9HKa7aQO8MGqKpvCA+uJYVcvR6l5kgdrhRuwPFHU7P5/A1w0BjByPHwpfTDKg==",
      "requires": {
        "ms": "^2.1.1"
      }
    },
    "ms": {
      "version": "2.1.3",
      "resolved": "https://registry.npmjs.org/ms/-/ms-2.1.3.tgz",
      "integrity": "sha512-6FlzubTLZG3J2a/NVCAleEhjzq5oxgHyaCU9yYXvcLsvoVaHJq/s5xXI6/XXP6tz7R9xAOtHnSO/tXtF3WRTlA=="
    },
    "sentence-tokenizer": {
      "version": "1.0.1",
      "resolved": "https://registry.npmjs.org/sentence-tokenizer/-/sentence-tokenizer-1.0.1.tgz",
      "integrity": "sha512-nmKF6fXmgZouD3AfWgYCmr35g7g7ObtbTlEFRVx2oj/ptrCOrosixrhXhWUdnPRdze7xhMf4IcliAa021BMXTA==",
      "requires": {
        "debug": "4.1.0"
      }
    }
  }
}
